
Microsoft Visual Studio Solution File, Format Version 12.00
# Visual Studio 14
VisualStudioVersion = 14.0.25123.0
MinimumVisualStudioVersion = 10.0.40219.1
Project("{FAE04EC0-301F-11D3-BF4B-00C04F79EFBC}") = "BumChessV2", "BumChessV2.csproj", "{C228D338-148F-4110-B893-510E5EE372BF}"
EndProject
Global
	GlobalSection(SolutionConfigurationPlatforms) = preSolution
		Debug|Any CPU = Debug|Any CPU
		Release|Any CPU = Release|Any CPU
	EndGlobalSection
	GlobalSection(ProjectConfigurationPlatforms) = postSolution
		{C228D338-148F-4110-B893-510E5EE372BF}.Debug|Any CPU.ActiveCfg = Debug|Any CPU
		{C228D338-148F-4110-B893-510E5EE372BF}.Debug|Any CPU.Build.0 = Debug|Any CPU
		{C228D338-148F-4110-B893-510E5EE372BF}.Release|Any CPU.ActiveCfg = Release|Any CPU
		{C228D338-148F-4110-B893-510E5EE372BF}.Release|Any CPU.Build.0 = Release|Any CPU
	EndGlobalSection
	GlobalSection(SolutionProperties) = preSolution
		HideSolutionNode = FALSE
	EndGlobalSection
EndGlobal
